
Microsoft Visual Studio Solution File, Format Version 12.00
# Visual Studio 15
VisualStudioVersion = 15.0.27703.2035
MinimumVisualStudioVersion = 10.0.40219.1
Project("{8BC9CEB8-8B4A-11D0-8D11-00A0C91BC942}") = "旋转数组中的最小数字", "旋转数组中的最小数字.vcxproj", "{EE823042-BADE-4A5E-8CD3-307C8B2F2F1A}"
EndProject
Global
	GlobalSection(SolutionConfigurationPlatforms) = preSolution
		Debug|x64 = Debug|x64
		Debug|x86 = Debug|x86
		Release|x64 = Release|x64
		Release|x86 = Release|x86
	EndGlobalSection
	GlobalSection(ProjectConfigurationPlatforms) = postSolution
		{EE823042-BADE-4A5E-8CD3-307C8B2F2F1A}.Debug|x64.ActiveCfg = Debug|x64
		{EE823042-BADE-4A5E-8CD3-307C8B2F2F1A}.Debug|x64.Build.0 = Debug|x64
		{EE823042-BADE-4A5E-8CD3-307C8B2F2F1A}.Debug|x86.ActiveCfg = Debug|Win32
		{EE823042-BADE-4A5E-8CD3-307C8B2F2F1A}.Debug|x86.Build.0 = Debug|Win32
		{EE823042-BADE-4A5E-8CD3-307C8B2F2F1A}.Release|x64.ActiveCfg = Release|x64
		{EE823042-BADE-4A5E-8CD3-307C8B2F2F1A}.Release|x64.Build.0 = Release|x64
		{EE823042-BADE-4A5E-8CD3-307C8B2F2F1A}.Release|x86.ActiveCfg = Release|Win32
		{EE823042-BADE-4A5E-8CD3-307C8B2F2F1A}.Release|x86.Build.0 = Release|Win32
	EndGlobalSection
	GlobalSection(SolutionProperties) = preSolution
		HideSolutionNode = FALSE
	EndGlobalSection
	GlobalSection(ExtensibilityGlobals) = postSolution
		SolutionGuid = {AC1CBAE6-044E-4CC1-B122-36B4975ACCD0}
	EndGlobalSection
EndGlobal
