
Microsoft Visual Studio Solution File, Format Version 12.00
# Visual Studio 15
VisualStudioVersion = 15.0.27703.2035
MinimumVisualStudioVersion = 10.0.40219.1
Project("{8BC9CEB8-8B4A-11D0-8D11-00A0C91BC942}") = "星际密码2", "星际密码2.vcxproj", "{DD226201-3ABD-455D-9C54-BDC69DCE847C}"
EndProject
Global
	GlobalSection(SolutionConfigurationPlatforms) = preSolution
		Debug|x64 = Debug|x64
		Debug|x86 = Debug|x86
		Release|x64 = Release|x64
		Release|x86 = Release|x86
	EndGlobalSection
	GlobalSection(ProjectConfigurationPlatforms) = postSolution
		{DD226201-3ABD-455D-9C54-BDC69DCE847C}.Debug|x64.ActiveCfg = Debug|x64
		{DD226201-3ABD-455D-9C54-BDC69DCE847C}.Debug|x64.Build.0 = Debug|x64
		{DD226201-3ABD-455D-9C54-BDC69DCE847C}.Debug|x86.ActiveCfg = Debug|Win32
		{DD226201-3ABD-455D-9C54-BDC69DCE847C}.Debug|x86.Build.0 = Debug|Win32
		{DD226201-3ABD-455D-9C54-BDC69DCE847C}.Release|x64.ActiveCfg = Release|x64
		{DD226201-3ABD-455D-9C54-BDC69DCE847C}.Release|x64.Build.0 = Release|x64
		{DD226201-3ABD-455D-9C54-BDC69DCE847C}.Release|x86.ActiveCfg = Release|Win32
		{DD226201-3ABD-455D-9C54-BDC69DCE847C}.Release|x86.Build.0 = Release|Win32
	EndGlobalSection
	GlobalSection(SolutionProperties) = preSolution
		HideSolutionNode = FALSE
	EndGlobalSection
	GlobalSection(ExtensibilityGlobals) = postSolution
		SolutionGuid = {223766DA-C09B-4D4C-8477-DE6B990B8080}
	EndGlobalSection
EndGlobal
