
Microsoft Visual Studio Solution File, Format Version 12.00
# Visual Studio 15
VisualStudioVersion = 15.0.27703.2035
MinimumVisualStudioVersion = 10.0.40219.1
Project("{8BC9CEB8-8B4A-11D0-8D11-00A0C91BC942}") = "连续子数组的最大和", "连续子数组的最大和.vcxproj", "{577CFCED-437F-4D99-ABAF-CF4F57A2D658}"
EndProject
Global
	GlobalSection(SolutionConfigurationPlatforms) = preSolution
		Debug|x64 = Debug|x64
		Debug|x86 = Debug|x86
		Release|x64 = Release|x64
		Release|x86 = Release|x86
	EndGlobalSection
	GlobalSection(ProjectConfigurationPlatforms) = postSolution
		{577CFCED-437F-4D99-ABAF-CF4F57A2D658}.Debug|x64.ActiveCfg = Debug|x64
		{577CFCED-437F-4D99-ABAF-CF4F57A2D658}.Debug|x64.Build.0 = Debug|x64
		{577CFCED-437F-4D99-ABAF-CF4F57A2D658}.Debug|x86.ActiveCfg = Debug|Win32
		{577CFCED-437F-4D99-ABAF-CF4F57A2D658}.Debug|x86.Build.0 = Debug|Win32
		{577CFCED-437F-4D99-ABAF-CF4F57A2D658}.Release|x64.ActiveCfg = Release|x64
		{577CFCED-437F-4D99-ABAF-CF4F57A2D658}.Release|x64.Build.0 = Release|x64
		{577CFCED-437F-4D99-ABAF-CF4F57A2D658}.Release|x86.ActiveCfg = Release|Win32
		{577CFCED-437F-4D99-ABAF-CF4F57A2D658}.Release|x86.Build.0 = Release|Win32
	EndGlobalSection
	GlobalSection(SolutionProperties) = preSolution
		HideSolutionNode = FALSE
	EndGlobalSection
	GlobalSection(ExtensibilityGlobals) = postSolution
		SolutionGuid = {E34F17EA-E3A8-4D75-A19F-829F33A112E3}
	EndGlobalSection
EndGlobal
