
Microsoft Visual Studio Solution File, Format Version 12.00
# Visual Studio 15
VisualStudioVersion = 15.0.27703.2035
MinimumVisualStudioVersion = 10.0.40219.1
Project("{8BC9CEB8-8B4A-11D0-8D11-00A0C91BC942}") = "超长正整数相加", "超长正整数相加.vcxproj", "{BFBE98BD-2F4A-43CA-8F3C-B9A0387C7FEA}"
EndProject
Global
	GlobalSection(SolutionConfigurationPlatforms) = preSolution
		Debug|x64 = Debug|x64
		Debug|x86 = Debug|x86
		Release|x64 = Release|x64
		Release|x86 = Release|x86
	EndGlobalSection
	GlobalSection(ProjectConfigurationPlatforms) = postSolution
		{BFBE98BD-2F4A-43CA-8F3C-B9A0387C7FEA}.Debug|x64.ActiveCfg = Debug|x64
		{BFBE98BD-2F4A-43CA-8F3C-B9A0387C7FEA}.Debug|x64.Build.0 = Debug|x64
		{BFBE98BD-2F4A-43CA-8F3C-B9A0387C7FEA}.Debug|x86.ActiveCfg = Debug|Win32
		{BFBE98BD-2F4A-43CA-8F3C-B9A0387C7FEA}.Debug|x86.Build.0 = Debug|Win32
		{BFBE98BD-2F4A-43CA-8F3C-B9A0387C7FEA}.Release|x64.ActiveCfg = Release|x64
		{BFBE98BD-2F4A-43CA-8F3C-B9A0387C7FEA}.Release|x64.Build.0 = Release|x64
		{BFBE98BD-2F4A-43CA-8F3C-B9A0387C7FEA}.Release|x86.ActiveCfg = Release|Win32
		{BFBE98BD-2F4A-43CA-8F3C-B9A0387C7FEA}.Release|x86.Build.0 = Release|Win32
	EndGlobalSection
	GlobalSection(SolutionProperties) = preSolution
		HideSolutionNode = FALSE
	EndGlobalSection
	GlobalSection(ExtensibilityGlobals) = postSolution
		SolutionGuid = {8AEE4BE0-EAD9-47A9-80E9-D848BEFACB7C}
	EndGlobalSection
EndGlobal
