
Microsoft Visual Studio Solution File, Format Version 12.00
# Visual Studio 15
VisualStudioVersion = 15.0.27703.2035
MinimumVisualStudioVersion = 10.0.40219.1
Project("{8BC9CEB8-8B4A-11D0-8D11-00A0C91BC942}") = "扑克牌", "扑克牌.vcxproj", "{3FA7E173-E941-4B91-8F92-01CEB77E60CD}"
EndProject
Global
	GlobalSection(SolutionConfigurationPlatforms) = preSolution
		Debug|x64 = Debug|x64
		Debug|x86 = Debug|x86
		Release|x64 = Release|x64
		Release|x86 = Release|x86
	EndGlobalSection
	GlobalSection(ProjectConfigurationPlatforms) = postSolution
		{3FA7E173-E941-4B91-8F92-01CEB77E60CD}.Debug|x64.ActiveCfg = Debug|x64
		{3FA7E173-E941-4B91-8F92-01CEB77E60CD}.Debug|x64.Build.0 = Debug|x64
		{3FA7E173-E941-4B91-8F92-01CEB77E60CD}.Debug|x86.ActiveCfg = Debug|Win32
		{3FA7E173-E941-4B91-8F92-01CEB77E60CD}.Debug|x86.Build.0 = Debug|Win32
		{3FA7E173-E941-4B91-8F92-01CEB77E60CD}.Release|x64.ActiveCfg = Release|x64
		{3FA7E173-E941-4B91-8F92-01CEB77E60CD}.Release|x64.Build.0 = Release|x64
		{3FA7E173-E941-4B91-8F92-01CEB77E60CD}.Release|x86.ActiveCfg = Release|Win32
		{3FA7E173-E941-4B91-8F92-01CEB77E60CD}.Release|x86.Build.0 = Release|Win32
	EndGlobalSection
	GlobalSection(SolutionProperties) = preSolution
		HideSolutionNode = FALSE
	EndGlobalSection
	GlobalSection(ExtensibilityGlobals) = postSolution
		SolutionGuid = {C6F38E25-D06D-4BC5-8BAF-9BB63DAD930D}
	EndGlobalSection
EndGlobal
