
Microsoft Visual Studio Solution File, Format Version 12.00
# Visual Studio 15
VisualStudioVersion = 15.0.27703.2035
MinimumVisualStudioVersion = 10.0.40219.1
Project("{8BC9CEB8-8B4A-11D0-8D11-00A0C91BC942}") = "迷宫问题", "迷宫问题.vcxproj", "{C7C6FFC1-661B-48B6-8972-25690C8B698A}"
EndProject
Global
	GlobalSection(SolutionConfigurationPlatforms) = preSolution
		Debug|x64 = Debug|x64
		Debug|x86 = Debug|x86
		Release|x64 = Release|x64
		Release|x86 = Release|x86
	EndGlobalSection
	GlobalSection(ProjectConfigurationPlatforms) = postSolution
		{C7C6FFC1-661B-48B6-8972-25690C8B698A}.Debug|x64.ActiveCfg = Debug|x64
		{C7C6FFC1-661B-48B6-8972-25690C8B698A}.Debug|x64.Build.0 = Debug|x64
		{C7C6FFC1-661B-48B6-8972-25690C8B698A}.Debug|x86.ActiveCfg = Debug|Win32
		{C7C6FFC1-661B-48B6-8972-25690C8B698A}.Debug|x86.Build.0 = Debug|Win32
		{C7C6FFC1-661B-48B6-8972-25690C8B698A}.Release|x64.ActiveCfg = Release|x64
		{C7C6FFC1-661B-48B6-8972-25690C8B698A}.Release|x64.Build.0 = Release|x64
		{C7C6FFC1-661B-48B6-8972-25690C8B698A}.Release|x86.ActiveCfg = Release|Win32
		{C7C6FFC1-661B-48B6-8972-25690C8B698A}.Release|x86.Build.0 = Release|Win32
	EndGlobalSection
	GlobalSection(SolutionProperties) = preSolution
		HideSolutionNode = FALSE
	EndGlobalSection
	GlobalSection(ExtensibilityGlobals) = postSolution
		SolutionGuid = {57B9E912-6D20-4C47-AD4D-7E1EA091C54B}
	EndGlobalSection
EndGlobal
